{
  "name": "PopularMusic",
  "lockfileVersion": 3,
  "requires": true,
  "packages": {
    "": {
      "dependencies": {
        "@vant/weapp": "^1.10.23",
        "event-store-save": "^1.0.0",
        "underscore": "^1.13.6"
      }
    },
    "node_modules/@vant/weapp": {
      "version": "1.10.23",
      "resolved": "https://registry.npmjs.org/@vant/weapp/-/weapp-1.10.23.tgz",
      "integrity": "sha512-Lqlc0oT89AxR8e4uLmP59xkI1KkWSTWKWV9kXM17CJz55eL0fPMo5jd0d132KpcfRmiwIOVr7TwK8u8v6XIhlg=="
    },
    "node_modules/event-store-save": {
      "version": "1.0.0",
      "resolved": "https://registry.npmjs.org/event-store-save/-/event-store-save-1.0.0.tgz",
      "integrity": "sha512-q/d8ba75Bw/Zk9/sBJtsfko+7CQK2ta/By58eUTtk6rCeHoQMDJ6EU1KCzg5tFFdkJAj2QlnF1rMvjSjacRPVQ=="
    },
    "node_modules/underscore": {
      "version": "1.13.6",
      "resolved": "https://registry.npmjs.org/underscore/-/underscore-1.13.6.tgz",
      "integrity": "sha512-+A5Sja4HP1M08MaXya7p5LvjuM7K6q/2EaC0+iovj/wOcMsTzMvDFbasi/oSapiwOlt252IqsKqPjCl7huKS0A=="
    }
  }
}
